
Microsoft Visual Studio Solution File, Format Version 12.00
# Visual Studio 15
VisualStudioVersion = 15.0.28307.168
MinimumVisualStudioVersion = 10.0.40219.1
Project("{FAE04EC0-301F-11D3-BF4B-00C04F79EFBC}") = "Handy Class Room", "Handy Class Room\Handy Class Room.csproj", "{C0CBB45E-260D-40B0-845B-75BEF95CCBD5}"
EndProject
Global
	GlobalSection(SolutionConfigurationPlatforms) = preSolution
		Debug|Any CPU = Debug|Any CPU
		Release|Any CPU = Release|Any CPU
	EndGlobalSection
	GlobalSection(ProjectConfigurationPlatforms) = postSolution
		{C0CBB45E-260D-40B0-845B-75BEF95CCBD5}.Debug|Any CPU.ActiveCfg = Debug|Any CPU
		{C0CBB45E-260D-40B0-845B-75BEF95CCBD5}.Debug|Any CPU.Build.0 = Debug|Any CPU
		{C0CBB45E-260D-40B0-845B-75BEF95CCBD5}.Release|Any CPU.ActiveCfg = Release|Any CPU
		{C0CBB45E-260D-40B0-845B-75BEF95CCBD5}.Release|Any CPU.Build.0 = Release|Any CPU
	EndGlobalSection
	GlobalSection(SolutionProperties) = preSolution
		HideSolutionNode = FALSE
	EndGlobalSection
	GlobalSection(ExtensibilityGlobals) = postSolution
		SolutionGuid = {2C57CBE5-45EB-45EB-98BC-B5B535433D9F}
	EndGlobalSection
EndGlobal
